
Microsoft Visual Studio Solution File, Format Version 12.00
# Visual Studio Version 17
VisualStudioVersion = 17.0.32112.339
MinimumVisualStudioVersion = 10.0.40219.1
Project("{FAE04EC0-301F-11D3-BF4B-00C04F79EFBC}") = "CourseeApp", "CourseeApp\CourseeApp.csproj", "{446454A5-72B6-4E9A-945C-742D8C23F01A}"
EndProject
Global
	GlobalSection(SolutionConfigurationPlatforms) = preSolution
		Debug|Any CPU = Debug|Any CPU
		Release|Any CPU = Release|Any CPU
	EndGlobalSection
	GlobalSection(ProjectConfigurationPlatforms) = postSolution
		{446454A5-72B6-4E9A-945C-742D8C23F01A}.Debug|Any CPU.ActiveCfg = Debug|Any CPU
		{446454A5-72B6-4E9A-945C-742D8C23F01A}.Debug|Any CPU.Build.0 = Debug|Any CPU
		{446454A5-72B6-4E9A-945C-742D8C23F01A}.Release|Any CPU.ActiveCfg = Release|Any CPU
		{446454A5-72B6-4E9A-945C-742D8C23F01A}.Release|Any CPU.Build.0 = Release|Any CPU
	EndGlobalSection
	GlobalSection(SolutionProperties) = preSolution
		HideSolutionNode = FALSE
	EndGlobalSection
	GlobalSection(ExtensibilityGlobals) = postSolution
		SolutionGuid = {52487902-F4B4-48A1-9D7C-11CB881B87EB}
	EndGlobalSection
EndGlobal
